// !$*UTF8*$!
{
	archiveVersion = 1;
	classes = {
	};
	objectVersion = 46;
	objects = {

/* Begin PBXBuildFile section */
		F74BEEF0145B3CAE0056510F /* UIKit.framework in Frameworks */ = {isa = PBXBuildFile; fileRef = F74BEEEF145B3CAE0056510F /* UIKit.framework */; };
		F74BEEF2145B3CAE0056510F /* Foundation.framework in Frameworks */ = {isa = PBXBuildFile; fileRef = F74BEEF1145B3CAE0056510F /* Foundation.framework */; };
		F74BEEF4145B3CAE0056510F /* CoreGraphics.framework in Frameworks */ = {isa = PBXBuildFile; fileRef = F74BEEF3145B3CAE0056510F /* CoreGraphics.framework */; };
		F74BEEFA145B3CAE0056510F /* InfoPlist.strings in Resources */ = {isa = PBXBuildFile; fileRef = F74BEEF8145B3CAE0056510F /* InfoPlist.strings */; };
		F74BEEFC145B3CAE0056510F /* main.m in Sources */ = {isa = PBXBuildFile; fileRef = F74BEEFB145B3CAE0056510F /* main.m */; };
		F74BEF00145B3CAE0056510F /* AppDelegate.m in Sources */ = {isa = PBXBuildFile; fileRef = F74BEEFF145B3CAE0056510F /* AppDelegate.m */; };
		F74BEF03145B3CAE0056510F /* ViewController.m in Sources */ = {isa = PBXBuildFile; fileRef = F74BEF02145B3CAE0056510F /* ViewController.m */; };
		F74BEF06145B3CAE0056510F /* ViewController.xib in Resources */ = {isa = PBXBuildFile; fileRef = F74BEF04145B3CAE0056510F /* ViewController.xib */; };
/* End PBXBuildFile section */

/* Begin PBXFileReference section */
		F74BEEEB145B3CAE0056510F /* helloWorld_01.app */ = {isa = PBXFileReference; explicitFileType = wrapper.application; includeInIndex = 0; path = helloWorld_01.app; sourceTree = BUILT_PRODUCTS_DIR; };
		F74BEEEF145B3CAE0056510F /* UIKit.framework */ = {isa = PBXFileReference; lastKnownFileType = wrapper.framework; name = UIKit.framework; path = System/Library/Frameworks/UIKit.framework; sourceTree = SDKROOT; };
		F74BEEF1145B3CAE0056510F /* Foundation.framework */ = {isa = PBXFileReference; lastKnownFileType = wrapper.framework; name = Foundation.framework; path = System/Library/Frameworks/Foundation.framework; sourceTree = SDKROOT; };
		F74BEEF3145B3CAE0056510F /* CoreGraphics.framework */ = {isa = PBXFileReference; lastKnownFileType = wrapper.framework; name = CoreGraphics.framework; path = System/Library/Frameworks/CoreGraphics.framework; sourceTree = SDKROOT; };
		F74BEEF7145B3CAE0056510F /* helloWorld_01-Info.plist */ = {isa = PBXFileReference; lastKnownFileType = text.plist.xml; path = "helloWorld_01-Info.plist"; sourceTree = "<group>"; };
		F74BEEF9145B3CAE0056510F /* en */ = {isa = PBXFileReference; lastKnownFileType = text.plist.strings; name = en; path = en.lproj/InfoPlist.strings; sourceTree = "<group>"; };
		F74BEEFB145B3CAE0056510F /* main.m */ = {isa = PBXFileReference; lastKnownFileType = sourcecode.c.objc; path = main.m; sourceTree = "<group>"; };
		F74BEEFD145B3CAE0056510F /* helloWorld_01-Prefix.pch */ = {isa = PBXFileReference; lastKnownFileType = sourcecode.c.h; path = "helloWorld_01-Prefix.pch"; sourceTree = "<group>"; };
		F74BEEFE145B3CAE0056510F /* AppDelegate.h */ = {isa = PBXFileReference; lastKnownFileType = sourcecode.c.h; path = AppDelegate.h; sourceTree = "<group>"; };
		F74BEEFF145B3CAE0056510F /* AppDelegate.m */ = {isa = PBXFileReference; lastKnownFileType = sourcecode.c.objc; path = AppDelegate.m; sourceTree = "<group>"; };
		F74BEF01145B3CAE0056510F /* ViewController.h */ = {isa = PBXFileReference; lastKnownFileType = sourcecode.c.h; path = ViewController.h; sourceTree = "<group>"; };
		F74BEF02145B3CAE0056510F /* ViewController.m */ = {isa = PBXFileReference; lastKnownFileType = sourcecode.c.objc; path = ViewController.m; sourceTree = "<group>"; };
		F74BEF05145B3CAE0056510F /* en */ = {isa = PBXFileReference; lastKnownFileType = file.xib; name = en; path = en.lproj/ViewController.xib; sourceTree = "<group>"; };
/* End PBXFileReference section */

/* Begin PBXFrameworksBuildPhase section */
		F74BEEE8145B3CAE0056510F /* Frameworks */ = {
			isa = PBXFrameworksBuildPhase;
			buildActionMask = 2147483647;
			files = (
				F74BEEF0145B3CAE0056510F /* UIKit.framework in Frameworks */,
				F74BEEF2145B3CAE0056510F /* Foundation.framework in Frameworks */,
				F74BEEF4145B3CAE0056510F /* CoreGraphics.framework in Frameworks */,
			);
			runOnlyForDeploymentPostprocessing = 0;
		};
/* End PBXFrameworksBuildPhase section */

/* Begin PBXGroup section */
		F74BEEE0145B3CAE0056510F = {
			isa = PBXGroup;
			children = (
				F74BEEF5145B3CAE0056510F /* helloWorld_01 */,
				F74BEEEE145B3CAE0056510F /* Frameworks */,
				F74BEEEC145B3CAE0056510F /* Products */,
			);
			sourceTree = "<group>";
		};
		F74BEEEC145B3CAE0056510F /* Products */ = {
			isa = PBXGroup;
			children = (
				F74BEEEB145B3CAE0056510F /* helloWorld_01.app */,
			);
			name = Products;
			sourceTree = "<group>";
		};
		F74BEEEE145B3CAE0056510F /* Frameworks */ = {
			isa = PBXGroup;
			children = (
				F74BEEEF145B3CAE0056510F /* UIKit.framework */,
				F74BEEF1145B3CAE0056510F /* Foundation.framework */,
				F74BEEF3145B3CAE0056510F /* CoreGraphics.framework */,
			);
			name = Frameworks;
			sourceTree = "<group>";
		};
		F74BEEF5145B3CAE0056510F /* helloWorld_01 */ = {
			isa = PBXGroup;
			children = (
				F74BEEFE145B3CAE0056510F /* AppDelegate.h */,
				F74BEEFF145B3CAE0056510F /* AppDelegate.m */,
				F74BEF01145B3CAE0056510F /* ViewController.h */,
				F74BEF02145B3CAE0056510F /* ViewController.m */,
				F74BEF04145B3CAE0056510F /* ViewController.xib */,
				F74BEEF6145B3CAE0056510F /* Supporting Files */,
			);
			path = helloWorld_01;
			sourceTree = "<group>";
		};
		F74BEEF6145B3CAE0056510F /* Supporting Files */ = {
			isa = PBXGroup;
			children = (
				F74BEEF7145B3CAE0056510F /* helloWorld_01-Info.plist */,
				F74BEEF8145B3CAE0056510F /* InfoPlist.strings */,
				F74BEEFB145B3CAE0056510F /* main.m */,
				F74BEEFD145B3CAE0056510F /* helloWorld_01-Prefix.pch */,
			);
			name = "Supporting Files";
			sourceTree = "<group>";
		};
/* End PBXGroup section */

/* Begin PBXNativeTarget section */
		F74BEEEA145B3CAE0056510F /* helloWorld_01 */ = {
			isa = PBXNativeTarget;
			buildConfigurationList = F74BEF09145B3CAE0056510F /* Build configuration list for PBXNativeTarget "helloWorld_01" */;
			buildPhases = (
				F74BEEE7145B3CAE0056510F /* Sources */,
				F74BEEE8145B3CAE0056510F /* Frameworks */,
				F74BEEE9145B3CAE0056510F /* Resources */,
			);
			buildRules = (
			);
			dependencies = (
			);
			name = helloWorld_01;
			productName = helloWorld_01;
			productReference = F74BEEEB145B3CAE0056510F /* helloWorld_01.app */;
			productType = "com.apple.product-type.application";
		};
/* End PBXNativeTarget section */

/* Begin PBXProject section */
		F74BEEE2145B3CAE0056510F /* Project object */ = {
			isa = PBXProject;
			attributes = {
				LastUpgradeCheck = 0420;
				ORGANIZATIONNAME = "University of Colorado at Colorado Springs";
			};
			buildConfigurationList = F74BEEE5145B3CAE0056510F /* Build configuration list for PBXProject "helloWorld_01" */;
			compatibilityVersion = "Xcode 3.2";
			developmentRegion = English;
			hasScannedForEncodings = 0;
			knownRegions = (
				en,
			);
			mainGroup = F74BEEE0145B3CAE0056510F;
			productRefGroup = F74BEEEC145B3CAE0056510F /* Products */;
			projectDirPath = "";
			projectRoot = "";
			targets = (
				F74BEEEA145B3CAE0056510F /* helloWorld_01 */,
			);
		};
/* End PBXProject section */

/* Begin PBXResourcesBuildPhase section */
		F74BEEE9145B3CAE0056510F /* Resources */ = {
			isa = PBXResourcesBuildPhase;
			buildActionMask = 2147483647;
			files = (
				F74BEEFA145B3CAE0056510F /* InfoPlist.strings in Resources */,
				F74BEF06145B3CAE0056510F /* ViewController.xib in Resources */,
			);
			runOnlyForDeploymentPostprocessing = 0;
		};
/* End PBXResourcesBuildPhase section */

/* Begin PBXSourcesBuildPhase section */
		F74BEEE7145B3CAE0056510F /* Sources */ = {
			isa = PBXSourcesBuildPhase;
			buildActionMask = 2147483647;
			files = (
				F74BEEFC145B3CAE0056510F /* main.m in Sources */,
				F74BEF00145B3CAE0056510F /* AppDelegate.m in Sources */,
				F74BEF03145B3CAE0056510F /* ViewController.m in Sources */,
			);
			runOnlyForDeploymentPostprocessing = 0;
		};
/* End PBXSourcesBuildPhase section */

/* Begin PBXVariantGroup section */
		F74BEEF8145B3CAE0056510F /* InfoPlist.strings */ = {
			isa = PBXVariantGroup;
			children = (
				F74BEEF9145B3CAE0056510F /* en */,
			);
			name = InfoPlist.strings;
			sourceTree = "<group>";
		};
		F74BEF04145B3CAE0056510F /* ViewController.xib */ = {
			isa = PBXVariantGroup;
			children = (
				F74BEF05145B3CAE0056510F /* en */,
			);
			name = ViewController.xib;
			sourceTree = "<group>";
		};
/* End PBXVariantGroup section */

/* Begin XCBuildConfiguration section */
		F74BEF07145B3CAE0056510F /* Debug */ = {
			isa = XCBuildConfiguration;
			buildSettings = {
				ALWAYS_SEARCH_USER_PATHS = NO;
				ARCHS = "$(ARCHS_STANDARD_32_BIT)";
				"CODE_SIGN_IDENTITY[sdk=iphoneos*]" = "iPhone Developer";
				COPY_PHASE_STRIP = NO;
				GCC_C_LANGUAGE_STANDARD = gnu99;
				GCC_DYNAMIC_NO_PIC = NO;
				GCC_OPTIMIZATION_LEVEL = 0;
				GCC_PREPROCESSOR_DEFINITIONS = (
					"DEBUG=1",
					"$(inherited)",
				);
				GCC_SYMBOLS_PRIVATE_EXTERN = NO;
				GCC_VERSION = com.apple.compilers.llvm.clang.1_0;
				GCC_WARN_ABOUT_MISSING_PROTOTYPES = YES;
				GCC_WARN_ABOUT_RETURN_TYPE = YES;
				GCC_WARN_UNUSED_VARIABLE = YES;
				IPHONEOS_DEPLOYMENT_TARGET = 5.0;
				SDKROOT = iphoneos;
			};
			name = Debug;
		};
		F74BEF08145B3CAE0056510F /* Release */ = {
			isa = XCBuildConfiguration;
			buildSettings = {
				ALWAYS_SEARCH_USER_PATHS = NO;
				ARCHS = "$(ARCHS_STANDARD_32_BIT)";
				"CODE_SIGN_IDENTITY[sdk=iphoneos*]" = "iPhone Developer";
				COPY_PHASE_STRIP = YES;
				GCC_C_LANGUAGE_STANDARD = gnu99;
				GCC_VERSION = com.apple.compilers.llvm.clang.1_0;
				GCC_WARN_ABOUT_MISSING_PROTOTYPES = YES;
				GCC_WARN_ABOUT_RETURN_TYPE = YES;
				GCC_WARN_UNUSED_VARIABLE = YES;
				IPHONEOS_DEPLOYMENT_TARGET = 5.0;
				OTHER_CFLAGS = "-DNS_BLOCK_ASSERTIONS=1";
				SDKROOT = iphoneos;
				VALIDATE_PRODUCT = YES;
			};
			name = Release;
		};
		F74BEF0A145B3CAE0056510F /* Debug */ = {
			isa = XCBuildConfiguration;
			buildSettings = {
				GCC_PRECOMPILE_PREFIX_HEADER = YES;
				GCC_PREFIX_HEADER = "helloWorld_01/helloWorld_01-Prefix.pch";
				INFOPLIST_FILE = "helloWorld_01/helloWorld_01-Info.plist";
				PRODUCT_NAME = "$(TARGET_NAME)";
				WRAPPER_EXTENSION = app;
			};
			name = Debug;
		};
		F74BEF0B145B3CAE0056510F /* Release */ = {
			isa = XCBuildConfiguration;
			buildSettings = {
				GCC_PRECOMPILE_PREFIX_HEADER = YES;
				GCC_PREFIX_HEADER = "helloWorld_01/helloWorld_01-Prefix.pch";
				INFOPLIST_FILE = "helloWorld_01/helloWorld_01-Info.plist";
				PRODUCT_NAME = "$(TARGET_NAME)";
				WRAPPER_EXTENSION = app;
			};
			name = Release;
		};
/* End XCBuildConfiguration section */

/* Begin XCConfigurationList section */
		F74BEEE5145B3CAE0056510F /* Build configuration list for PBXProject "helloWorld_01" */ = {
			isa = XCConfigurationList;
			buildConfigurations = (
				F74BEF07145B3CAE0056510F /* Debug */,
				F74BEF08145B3CAE0056510F /* Release */,
			);
			defaultConfigurationIsVisible = 0;
			defaultConfigurationName = Release;
		};
		F74BEF09145B3CAE0056510F /* Build configuration list for PBXNativeTarget "helloWorld_01" */ = {
			isa = XCConfigurationList;
			buildConfigurations = (
				F74BEF0A145B3CAE0056510F /* Debug */,
				F74BEF0B145B3CAE0056510F /* Release */,
			);
			defaultConfigurationIsVisible = 0;
		};
/* End XCConfigurationList section */
	};
	rootObject = F74BEEE2145B3CAE0056510F /* Project object */;
}
